// !$*UTF8*$!
{
	archiveVersion = 1;
	classes = {
	};
	objectVersion = 77;
	objects = {

/* Begin PBXBuildFile section */
		133DA2562D534A0500A6D968 /* DeepSeekClient in Frameworks */ = {isa = PBXBuildFile; productRef = 133DA2552D534A0500A6D968 /* DeepSeekClient */; };
		133DA26A2D53CD2900A6D968 /* netfox in Frameworks */ = {isa = PBXBuildFile; productRef = 133DA2692D53CD2900A6D968 /* netfox */; };
/* End PBXBuildFile section */

/* Begin PBXContainerItemProxy section */
		133DA2292D5349C300A6D968 /* PBXContainerItemProxy */ = {
			isa = PBXContainerItemProxy;
			containerPortal = 133DA2102D5349C200A6D968 /* Project object */;
			proxyType = 1;
			remoteGlobalIDString = 133DA2172D5349C200A6D968;
			remoteInfo = DeepSeekDemo;
		};
		133DA2332D5349C300A6D968 /* PBXContainerItemProxy */ = {
			isa = PBXContainerItemProxy;
			containerPortal = 133DA2102D5349C200A6D968 /* Project object */;
			proxyType = 1;
			remoteGlobalIDString = 133DA2172D5349C200A6D968;
			remoteInfo = DeepSeekDemo;
		};
/* End PBXContainerItemProxy section */

/* Begin PBXFileReference section */
		133DA2182D5349C200A6D968 /* DeepSeekDemo.app */ = {isa = PBXFileReference; explicitFileType = wrapper.application; includeInIndex = 0; path = DeepSeekDemo.app; sourceTree = BUILT_PRODUCTS_DIR; };
		133DA2282D5349C300A6D968 /* DeepSeekDemoTests.xctest */ = {isa = PBXFileReference; explicitFileType = wrapper.cfbundle; includeInIndex = 0; path = DeepSeekDemoTests.xctest; sourceTree = BUILT_PRODUCTS_DIR; };
		133DA2322D5349C300A6D968 /* DeepSeekDemoUITests.xctest */ = {isa = PBXFileReference; explicitFileType = wrapper.cfbundle; includeInIndex = 0; path = DeepSeekDemoUITests.xctest; sourceTree = BUILT_PRODUCTS_DIR; };
/* End PBXFileReference section */

/* Begin PBXFileSystemSynchronizedRootGroup section */
		133DA21A2D5349C200A6D968 /* DeepSeekDemo */ = {
			isa = PBXFileSystemSynchronizedRootGroup;
			path = DeepSeekDemo;
			sourceTree = "<group>";
		};
		133DA22B2D5349C300A6D968 /* DeepSeekDemoTests */ = {
			isa = PBXFileSystemSynchronizedRootGroup;
			path = DeepSeekDemoTests;
			sourceTree = "<group>";
		};
		133DA2352D5349C300A6D968 /* DeepSeekDemoUITests */ = {
			isa = PBXFileSystemSynchronizedRootGroup;
			path = DeepSeekDemoUITests;
			sourceTree = "<group>";
		};
/* End PBXFileSystemSynchronizedRootGroup section */

/* Begin PBXFrameworksBuildPhase section */
		133DA2152D5349C200A6D968 /* Frameworks */ = {
			isa = PBXFrameworksBuildPhase;
			buildActionMask = 2147483647;
			files = (
				133DA26A2D53CD2900A6D968 /* netfox in Frameworks */,
				133DA2562D534A0500A6D968 /* DeepSeekClient in Frameworks */,
			);
			runOnlyForDeploymentPostprocessing = 0;
		};
		133DA2252D5349C300A6D968 /* Frameworks */ = {
			isa = PBXFrameworksBuildPhase;
			buildActionMask = 2147483647;
			files = (
			);
			runOnlyForDeploymentPostprocessing = 0;
		};
		133DA22F2D5349C300A6D968 /* Frameworks */ = {
			isa = PBXFrameworksBuildPhase;
			buildActionMask = 2147483647;
			files = (
			);
			runOnlyForDeploymentPostprocessing = 0;
		};
/* End PBXFrameworksBuildPhase section */

/* Begin PBXGroup section */
		133DA20F2D5349C200A6D968 = {
			isa = PBXGroup;
			children = (
				133DA21A2D5349C200A6D968 /* DeepSeekDemo */,
				133DA22B2D5349C300A6D968 /* DeepSeekDemoTests */,
				133DA2352D5349C300A6D968 /* DeepSeekDemoUITests */,
				133DA2192D5349C200A6D968 /* Products */,
			);
			sourceTree = "<group>";
		};
		133DA2192D5349C200A6D968 /* Products */ = {
			isa = PBXGroup;
			children = (
				133DA2182D5349C200A6D968 /* DeepSeekDemo.app */,
				133DA2282D5349C300A6D968 /* DeepSeekDemoTests.xctest */,
				133DA2322D5349C300A6D968 /* DeepSeekDemoUITests.xctest */,
			);
			name = Products;
			sourceTree = "<group>";
		};
/* End PBXGroup section */

/* Begin PBXNativeTarget section */
		133DA2172D5349C200A6D968 /* DeepSeekDemo */ = {
			isa = PBXNativeTarget;
			buildConfigurationList = 133DA23C2D5349C300A6D968 /* Build configuration list for PBXNativeTarget "DeepSeekDemo" */;
			buildPhases = (
				133DA2142D5349C200A6D968 /* Sources */,
				133DA2152D5349C200A6D968 /* Frameworks */,
				133DA2162D5349C200A6D968 /* Resources */,
			);
			buildRules = (
			);
			dependencies = (
			);
			fileSystemSynchronizedGroups = (
				133DA21A2D5349C200A6D968 /* DeepSeekDemo */,
			);
			name = DeepSeekDemo;
			packageProductDependencies = (
				133DA2552D534A0500A6D968 /* DeepSeekClient */,
				133DA2692D53CD2900A6D968 /* netfox */,
			);
			productName = DeepSeekDemo;
			productReference = 133DA2182D5349C200A6D968 /* DeepSeekDemo.app */;
			productType = "com.apple.product-type.application";
		};
		133DA2272D5349C300A6D968 /* DeepSeekDemoTests */ = {
			isa = PBXNativeTarget;
			buildConfigurationList = 133DA23F2D5349C300A6D968 /* Build configuration list for PBXNativeTarget "DeepSeekDemoTests" */;
			buildPhases = (
				133DA2242D5349C300A6D968 /* Sources */,
				133DA2252D5349C300A6D968 /* Frameworks */,
				133DA2262D5349C300A6D968 /* Resources */,
			);
			buildRules = (
			);
			dependencies = (
				133DA22A2D5349C300A6D968 /* PBXTargetDependency */,
			);
			fileSystemSynchronizedGroups = (
				133DA22B2D5349C300A6D968 /* DeepSeekDemoTests */,
			);
			name = DeepSeekDemoTests;
			packageProductDependencies = (
			);
			productName = DeepSeekDemoTests;
			productReference = 133DA2282D5349C300A6D968 /* DeepSeekDemoTests.xctest */;
			productType = "com.apple.product-type.bundle.unit-test";
		};
		133DA2312D5349C300A6D968 /* DeepSeekDemoUITests */ = {
			isa = PBXNativeTarget;
			buildConfigurationList = 133DA2422D5349C300A6D968 /* Build configuration list for PBXNativeTarget "DeepSeekDemoUITests" */;
			buildPhases = (
				133DA22E2D5349C300A6D968 /* Sources */,
				133DA22F2D5349C300A6D968 /* Frameworks */,
				133DA2302D5349C300A6D968 /* Resources */,
			);
			buildRules = (
			);
			dependencies = (
				133DA2342D5349C300A6D968 /* PBXTargetDependency */,
			);
			fileSystemSynchronizedGroups = (
				133DA2352D5349C300A6D968 /* DeepSeekDemoUITests */,
			);
			name = DeepSeekDemoUITests;
			packageProductDependencies = (
			);
			productName = DeepSeekDemoUITests;
			productReference = 133DA2322D5349C300A6D968 /* DeepSeekDemoUITests.xctest */;
			productType = "com.apple.product-type.bundle.ui-testing";
		};
/* End PBXNativeTarget section */

/* Begin PBXProject section */
		133DA2102D5349C200A6D968 /* Project object */ = {
			isa = PBXProject;
			attributes = {
				BuildIndependentTargetsInParallel = 1;
				LastSwiftUpdateCheck = 1620;
				LastUpgradeCheck = 1620;
				TargetAttributes = {
					133DA2172D5349C200A6D968 = {
						CreatedOnToolsVersion = 16.2;
					};
					133DA2272D5349C300A6D968 = {
						CreatedOnToolsVersion = 16.2;
						TestTargetID = 133DA2172D5349C200A6D968;
					};
					133DA2312D5349C300A6D968 = {
						CreatedOnToolsVersion = 16.2;
						TestTargetID = 133DA2172D5349C200A6D968;
					};
				};
			};
			buildConfigurationList = 133DA2132D5349C200A6D968 /* Build configuration list for PBXProject "DeepSeekDemo" */;
			developmentRegion = en;
			hasScannedForEncodings = 0;
			knownRegions = (
				en,
				Base,
			);
			mainGroup = 133DA20F2D5349C200A6D968;
			minimizedProjectReferenceProxies = 1;
			packageReferences = (
				133DA2542D534A0500A6D968 /* XCLocalSwiftPackageReference "../../../DeepSeekClient" */,
				133DA2682D53CD2900A6D968 /* XCRemoteSwiftPackageReference "netfox" */,
			);
			preferredProjectObjectVersion = 77;
			productRefGroup = 133DA2192D5349C200A6D968 /* Products */;
			projectDirPath = "";
			projectRoot = "";
			targets = (
				133DA2172D5349C200A6D968 /* DeepSeekDemo */,
				133DA2272D5349C300A6D968 /* DeepSeekDemoTests */,
				133DA2312D5349C300A6D968 /* DeepSeekDemoUITests */,
			);
		};
/* End PBXProject section */

/* Begin PBXResourcesBuildPhase section */
		133DA2162D5349C200A6D968 /* Resources */ = {
			isa = PBXResourcesBuildPhase;
			buildActionMask = 2147483647;
			files = (
			);
			runOnlyForDeploymentPostprocessing = 0;
		};
		133DA2262D5349C300A6D968 /* Resources */ = {
			isa = PBXResourcesBuildPhase;
			buildActionMask = 2147483647;
			files = (
			);
			runOnlyForDeploymentPostprocessing = 0;
		};
		133DA2302D5349C300A6D968 /* Resources */ = {
			isa = PBXResourcesBuildPhase;
			buildActionMask = 2147483647;
			files = (
			);
			runOnlyForDeploymentPostprocessing = 0;
		};
/* End PBXResourcesBuildPhase section */

/* Begin PBXSourcesBuildPhase section */
		133DA2142D5349C200A6D968 /* Sources */ = {
			isa = PBXSourcesBuildPhase;
			buildActionMask = 2147483647;
			files = (
			);
			runOnlyForDeploymentPostprocessing = 0;
		};
		133DA2242D5349C300A6D968 /* Sources */ = {
			isa = PBXSourcesBuildPhase;
			buildActionMask = 2147483647;
			files = (
			);
			runOnlyForDeploymentPostprocessing = 0;
		};
		133DA22E2D5349C300A6D968 /* Sources */ = {
			isa = PBXSourcesBuildPhase;
			buildActionMask = 2147483647;
			files = (
			);
			runOnlyForDeploymentPostprocessing = 0;
		};
/* End PBXSourcesBuildPhase section */

/* Begin PBXTargetDependency section */
		133DA22A2D5349C300A6D968 /* PBXTargetDependency */ = {
			isa = PBXTargetDependency;
			target = 133DA2172D5349C200A6D968 /* DeepSeekDemo */;
			targetProxy = 133DA2292D5349C300A6D968 /* PBXContainerItemProxy */;
		};
		133DA2342D5349C300A6D968 /* PBXTargetDependency */ = {
			isa = PBXTargetDependency;
			target = 133DA2172D5349C200A6D968 /* DeepSeekDemo */;
			targetProxy = 133DA2332D5349C300A6D968 /* PBXContainerItemProxy */;
		};
/* End PBXTargetDependency section */

/* Begin XCBuildConfiguration section */
		133DA23A2D5349C300A6D968 /* Debug */ = {
			isa = XCBuildConfiguration;
			buildSettings = {
				ALWAYS_SEARCH_USER_PATHS = NO;
				ASSETCATALOG_COMPILER_GENERATE_SWIFT_ASSET_SYMBOL_EXTENSIONS = YES;
				CLANG_ANALYZER_NONNULL = YES;
				CLANG_ANALYZER_NUMBER_OBJECT_CONVERSION = YES_AGGRESSIVE;
				CLANG_CXX_LANGUAGE_STANDARD = "gnu++20";
				CLANG_ENABLE_MODULES = YES;
				CLANG_ENABLE_OBJC_ARC = YES;
				CLANG_ENABLE_OBJC_WEAK = YES;
				CLANG_WARN_BLOCK_CAPTURE_AUTORELEASING = YES;
				CLANG_WARN_BOOL_CONVERSION = YES;
				CLANG_WARN_COMMA = YES;
				CLANG_WARN_CONSTANT_CONVERSION = YES;
				CLANG_WARN_DEPRECATED_OBJC_IMPLEMENTATIONS = YES;
				CLANG_WARN_DIRECT_OBJC_ISA_USAGE = YES_ERROR;
				CLANG_WARN_DOCUMENTATION_COMMENTS = YES;
				CLANG_WARN_EMPTY_BODY = YES;
				CLANG_WARN_ENUM_CONVERSION = YES;
				CLANG_WARN_INFINITE_RECURSION = YES;
				CLANG_WARN_INT_CONVERSION = YES;
				CLANG_WARN_NON_LITERAL_NULL_CONVERSION = YES;
				CLANG_WARN_OBJC_IMPLICIT_RETAIN_SELF = YES;
				CLANG_WARN_OBJC_LITERAL_CONVERSION = YES;
				CLANG_WARN_OBJC_ROOT_CLASS = YES_ERROR;
				CLANG_WARN_QUOTED_INCLUDE_IN_FRAMEWORK_HEADER = YES;
				CLANG_WARN_RANGE_LOOP_ANALYSIS = YES;
				CLANG_WARN_STRICT_PROTOTYPES = YES;
				CLANG_WARN_SUSPICIOUS_MOVE = YES;
				CLANG_WARN_UNGUARDED_AVAILABILITY = YES_AGGRESSIVE;
				CLANG_WARN_UNREACHABLE_CODE = YES;
				CLANG_WARN__DUPLICATE_METHOD_MATCH = YES;
				COPY_PHASE_STRIP = NO;
				DEBUG_INFORMATION_FORMAT = dwarf;
				ENABLE_STRICT_OBJC_MSGSEND = YES;
				ENABLE_TESTABILITY = YES;
				ENABLE_USER_SCRIPT_SANDBOXING = YES;
				GCC_C_LANGUAGE_STANDARD = gnu17;
				GCC_DYNAMIC_NO_PIC = NO;
				GCC_NO_COMMON_BLOCKS = YES;
				GCC_OPTIMIZATION_LEVEL = 0;
				GCC_PREPROCESSOR_DEFINITIONS = (
					"DEBUG=1",
					"$(inherited)",
				);
				GCC_WARN_64_TO_32_BIT_CONVERSION = YES;
				GCC_WARN_ABOUT_RETURN_TYPE = YES_ERROR;
				GCC_WARN_UNDECLARED_SELECTOR = YES;
				GCC_WARN_UNINITIALIZED_AUTOS = YES_AGGRESSIVE;
				GCC_WARN_UNUSED_FUNCTION = YES;
				GCC_WARN_UNUSED_VARIABLE = YES;
				IPHONEOS_DEPLOYMENT_TARGET = 18.2;
				LOCALIZATION_PREFERS_STRING_CATALOGS = YES;
				MTL_ENABLE_DEBUG_INFO = INCLUDE_SOURCE;
				MTL_FAST_MATH = YES;
				ONLY_ACTIVE_ARCH = YES;
				SDKROOT = iphoneos;
				SWIFT_ACTIVE_COMPILATION_CONDITIONS = "DEBUG $(inherited)";
				SWIFT_OPTIMIZATION_LEVEL = "-Onone";
			};
			name = Debug;
		};
		133DA23B2D5349C300A6D968 /* Release */ = {
			isa = XCBuildConfiguration;
			buildSettings = {
				ALWAYS_SEARCH_USER_PATHS = NO;
				ASSETCATALOG_COMPILER_GENERATE_SWIFT_ASSET_SYMBOL_EXTENSIONS = YES;
				CLANG_ANALYZER_NONNULL = YES;
				CLANG_ANALYZER_NUMBER_OBJECT_CONVERSION = YES_AGGRESSIVE;
				CLANG_CXX_LANGUAGE_STANDARD = "gnu++20";
				CLANG_ENABLE_MODULES = YES;
				CLANG_ENABLE_OBJC_ARC = YES;
				CLANG_ENABLE_OBJC_WEAK = YES;
				CLANG_WARN_BLOCK_CAPTURE_AUTORELEASING = YES;
				CLANG_WARN_BOOL_CONVERSION = YES;
				CLANG_WARN_COMMA = YES;
				CLANG_WARN_CONSTANT_CONVERSION = YES;
				CLANG_WARN_DEPRECATED_OBJC_IMPLEMENTATIONS = YES;
				CLANG_WARN_DIRECT_OBJC_ISA_USAGE = YES_ERROR;
				CLANG_WARN_DOCUMENTATION_COMMENTS = YES;
				CLANG_WARN_EMPTY_BODY = YES;
				CLANG_WARN_ENUM_CONVERSION = YES;
				CLANG_WARN_INFINITE_RECURSION = YES;
				CLANG_WARN_INT_CONVERSION = YES;
				CLANG_WARN_NON_LITERAL_NULL_CONVERSION = YES;
				CLANG_WARN_OBJC_IMPLICIT_RETAIN_SELF = YES;
				CLANG_WARN_OBJC_LITERAL_CONVERSION = YES;
				CLANG_WARN_OBJC_ROOT_CLASS = YES_ERROR;
				CLANG_WARN_QUOTED_INCLUDE_IN_FRAMEWORK_HEADER = YES;
				CLANG_WARN_RANGE_LOOP_ANALYSIS = YES;
				CLANG_WARN_STRICT_PROTOTYPES = YES;
				CLANG_WARN_SUSPICIOUS_MOVE = YES;
				CLANG_WARN_UNGUARDED_AVAILABILITY = YES_AGGRESSIVE;
				CLANG_WARN_UNREACHABLE_CODE = YES;
				CLANG_WARN__DUPLICATE_METHOD_MATCH = YES;
				COPY_PHASE_STRIP = NO;
				DEBUG_INFORMATION_FORMAT = "dwarf-with-dsym";
				ENABLE_NS_ASSERTIONS = NO;
				ENABLE_STRICT_OBJC_MSGSEND = YES;
				ENABLE_USER_SCRIPT_SANDBOXING = YES;
				GCC_C_LANGUAGE_STANDARD = gnu17;
				GCC_NO_COMMON_BLOCKS = YES;
				GCC_WARN_64_TO_32_BIT_CONVERSION = YES;
				GCC_WARN_ABOUT_RETURN_TYPE = YES_ERROR;
				GCC_WARN_UNDECLARED_SELECTOR = YES;
				GCC_WARN_UNINITIALIZED_AUTOS = YES_AGGRESSIVE;
				GCC_WARN_UNUSED_FUNCTION = YES;
				GCC_WARN_UNUSED_VARIABLE = YES;
				IPHONEOS_DEPLOYMENT_TARGET = 18.2;
				LOCALIZATION_PREFERS_STRING_CATALOGS = YES;
				MTL_ENABLE_DEBUG_INFO = NO;
				MTL_FAST_MATH = YES;
				SDKROOT = iphoneos;
				SWIFT_COMPILATION_MODE = wholemodule;
				VALIDATE_PRODUCT = YES;
			};
			name = Release;
		};
		133DA23D2D5349C300A6D968 /* Debug */ = {
			isa = XCBuildConfiguration;
			buildSettings = {
				ASSETCATALOG_COMPILER_APPICON_NAME = AppIcon;
				ASSETCATALOG_COMPILER_GLOBAL_ACCENT_COLOR_NAME = AccentColor;
				CODE_SIGN_STYLE = Automatic;
				CURRENT_PROJECT_VERSION = 1;
				DEVELOPMENT_ASSET_PATHS = "\"DeepSeekDemo/Preview Content\"";
				ENABLE_PREVIEWS = YES;
				GENERATE_INFOPLIST_FILE = YES;
				INFOPLIST_KEY_UIApplicationSceneManifest_Generation = YES;
				INFOPLIST_KEY_UIApplicationSupportsIndirectInputEvents = YES;
				INFOPLIST_KEY_UILaunchScreen_Generation = YES;
				INFOPLIST_KEY_UISupportedInterfaceOrientations_iPad = "UIInterfaceOrientationPortrait UIInterfaceOrientationPortraitUpsideDown UIInterfaceOrientationLandscapeLeft UIInterfaceOrientationLandscapeRight";
				INFOPLIST_KEY_UISupportedInterfaceOrientations_iPhone = "UIInterfaceOrientationPortrait UIInterfaceOrientationLandscapeLeft UIInterfaceOrientationLandscapeRight";
				LD_RUNPATH_SEARCH_PATHS = (
					"$(inherited)",
					"@executable_path/Frameworks",
				);
				MARKETING_VERSION = 1.0;
				PRODUCT_BUNDLE_IDENTIFIER = ganesh.DeepSeekDemo;
				PRODUCT_NAME = "$(TARGET_NAME)";
				SWIFT_EMIT_LOC_STRINGS = YES;
				SWIFT_VERSION = 5.0;
				TARGETED_DEVICE_FAMILY = "1,2";
			};
			name = Debug;
		};
		133DA23E2D5349C300A6D968 /* Release */ = {
			isa = XCBuildConfiguration;
			buildSettings = {
				ASSETCATALOG_COMPILER_APPICON_NAME = AppIcon;
				ASSETCATALOG_COMPILER_GLOBAL_ACCENT_COLOR_NAME = AccentColor;
				CODE_SIGN_STYLE = Automatic;
				CURRENT_PROJECT_VERSION = 1;
				DEVELOPMENT_ASSET_PATHS = "\"DeepSeekDemo/Preview Content\"";
				ENABLE_PREVIEWS = YES;
				GENERATE_INFOPLIST_FILE = YES;
				INFOPLIST_KEY_UIApplicationSceneManifest_Generation = YES;
				INFOPLIST_KEY_UIApplicationSupportsIndirectInputEvents = YES;
				INFOPLIST_KEY_UILaunchScreen_Generation = YES;
				INFOPLIST_KEY_UISupportedInterfaceOrientations_iPad = "UIInterfaceOrientationPortrait UIInterfaceOrientationPortraitUpsideDown UIInterfaceOrientationLandscapeLeft UIInterfaceOrientationLandscapeRight";
				INFOPLIST_KEY_UISupportedInterfaceOrientations_iPhone = "UIInterfaceOrientationPortrait UIInterfaceOrientationLandscapeLeft UIInterfaceOrientationLandscapeRight";
				LD_RUNPATH_SEARCH_PATHS = (
					"$(inherited)",
					"@executable_path/Frameworks",
				);
				MARKETING_VERSION = 1.0;
				PRODUCT_BUNDLE_IDENTIFIER = ganesh.DeepSeekDemo;
				PRODUCT_NAME = "$(TARGET_NAME)";
				SWIFT_EMIT_LOC_STRINGS = YES;
				SWIFT_VERSION = 5.0;
				TARGETED_DEVICE_FAMILY = "1,2";
			};
			name = Release;
		};
		133DA2402D5349C300A6D968 /* Debug */ = {
			isa = XCBuildConfiguration;
			buildSettings = {
				BUNDLE_LOADER = "$(TEST_HOST)";
				CODE_SIGN_STYLE = Automatic;
				CURRENT_PROJECT_VERSION = 1;
				GENERATE_INFOPLIST_FILE = YES;
				IPHONEOS_DEPLOYMENT_TARGET = 18.2;
				MARKETING_VERSION = 1.0;
				PRODUCT_BUNDLE_IDENTIFIER = ganesh.DeepSeekDemoTests;
				PRODUCT_NAME = "$(TARGET_NAME)";
				SWIFT_EMIT_LOC_STRINGS = NO;
				SWIFT_VERSION = 5.0;
				TARGETED_DEVICE_FAMILY = "1,2";
				TEST_HOST = "$(BUILT_PRODUCTS_DIR)/DeepSeekDemo.app/$(BUNDLE_EXECUTABLE_FOLDER_PATH)/DeepSeekDemo";
			};
			name = Debug;
		};
		133DA2412D5349C300A6D968 /* Release */ = {
			isa = XCBuildConfiguration;
			buildSettings = {
				BUNDLE_LOADER = "$(TEST_HOST)";
				CODE_SIGN_STYLE = Automatic;
				CURRENT_PROJECT_VERSION = 1;
				GENERATE_INFOPLIST_FILE = YES;
				IPHONEOS_DEPLOYMENT_TARGET = 18.2;
				MARKETING_VERSION = 1.0;
				PRODUCT_BUNDLE_IDENTIFIER = ganesh.DeepSeekDemoTests;
				PRODUCT_NAME = "$(TARGET_NAME)";
				SWIFT_EMIT_LOC_STRINGS = NO;
				SWIFT_VERSION = 5.0;
				TARGETED_DEVICE_FAMILY = "1,2";
				TEST_HOST = "$(BUILT_PRODUCTS_DIR)/DeepSeekDemo.app/$(BUNDLE_EXECUTABLE_FOLDER_PATH)/DeepSeekDemo";
			};
			name = Release;
		};
		133DA2432D5349C300A6D968 /* Debug */ = {
			isa = XCBuildConfiguration;
			buildSettings = {
				CODE_SIGN_STYLE = Automatic;
				CURRENT_PROJECT_VERSION = 1;
				GENERATE_INFOPLIST_FILE = YES;
				MARKETING_VERSION = 1.0;
				PRODUCT_BUNDLE_IDENTIFIER = ganesh.DeepSeekDemoUITests;
				PRODUCT_NAME = "$(TARGET_NAME)";
				SWIFT_EMIT_LOC_STRINGS = NO;
				SWIFT_VERSION = 5.0;
				TARGETED_DEVICE_FAMILY = "1,2";
				TEST_TARGET_NAME = DeepSeekDemo;
			};
			name = Debug;
		};
		133DA2442D5349C300A6D968 /* Release */ = {
			isa = XCBuildConfiguration;
			buildSettings = {
				CODE_SIGN_STYLE = Automatic;
				CURRENT_PROJECT_VERSION = 1;
				GENERATE_INFOPLIST_FILE = YES;
				MARKETING_VERSION = 1.0;
				PRODUCT_BUNDLE_IDENTIFIER = ganesh.DeepSeekDemoUITests;
				PRODUCT_NAME = "$(TARGET_NAME)";
				SWIFT_EMIT_LOC_STRINGS = NO;
				SWIFT_VERSION = 5.0;
				TARGETED_DEVICE_FAMILY = "1,2";
				TEST_TARGET_NAME = DeepSeekDemo;
			};
			name = Release;
		};
/* End XCBuildConfiguration section */

/* Begin XCConfigurationList section */
		133DA2132D5349C200A6D968 /* Build configuration list for PBXProject "DeepSeekDemo" */ = {
			isa = XCConfigurationList;
			buildConfigurations = (
				133DA23A2D5349C300A6D968 /* Debug */,
				133DA23B2D5349C300A6D968 /* Release */,
			);
			defaultConfigurationIsVisible = 0;
			defaultConfigurationName = Release;
		};
		133DA23C2D5349C300A6D968 /* Build configuration list for PBXNativeTarget "DeepSeekDemo" */ = {
			isa = XCConfigurationList;
			buildConfigurations = (
				133DA23D2D5349C300A6D968 /* Debug */,
				133DA23E2D5349C300A6D968 /* Release */,
			);
			defaultConfigurationIsVisible = 0;
			defaultConfigurationName = Release;
		};
		133DA23F2D5349C300A6D968 /* Build configuration list for PBXNativeTarget "DeepSeekDemoTests" */ = {
			isa = XCConfigurationList;
			buildConfigurations = (
				133DA2402D5349C300A6D968 /* Debug */,
				133DA2412D5349C300A6D968 /* Release */,
			);
			defaultConfigurationIsVisible = 0;
			defaultConfigurationName = Release;
		};
		133DA2422D5349C300A6D968 /* Build configuration list for PBXNativeTarget "DeepSeekDemoUITests" */ = {
			isa = XCConfigurationList;
			buildConfigurations = (
				133DA2432D5349C300A6D968 /* Debug */,
				133DA2442D5349C300A6D968 /* Release */,
			);
			defaultConfigurationIsVisible = 0;
			defaultConfigurationName = Release;
		};
/* End XCConfigurationList section */

/* Begin XCLocalSwiftPackageReference section */
		133DA2542D534A0500A6D968 /* XCLocalSwiftPackageReference "../../../DeepSeekClient" */ = {
			isa = XCLocalSwiftPackageReference;
			relativePath = ../../../DeepSeekClient;
		};
/* End XCLocalSwiftPackageReference section */

/* Begin XCRemoteSwiftPackageReference section */
		133DA2682D53CD2900A6D968 /* XCRemoteSwiftPackageReference "netfox" */ = {
			isa = XCRemoteSwiftPackageReference;
			repositoryURL = "https://github.com/kasketis/netfox";
			requirement = {
				kind = upToNextMajorVersion;
				minimumVersion = 1.21.0;
			};
		};
/* End XCRemoteSwiftPackageReference section */

/* Begin XCSwiftPackageProductDependency section */
		133DA2552D534A0500A6D968 /* DeepSeekClient */ = {
			isa = XCSwiftPackageProductDependency;
			productName = DeepSeekClient;
		};
		133DA2692D53CD2900A6D968 /* netfox */ = {
			isa = XCSwiftPackageProductDependency;
			package = 133DA2682D53CD2900A6D968 /* XCRemoteSwiftPackageReference "netfox" */;
			productName = netfox;
		};
/* End XCSwiftPackageProductDependency section */
	};
	rootObject = 133DA2102D5349C200A6D968 /* Project object */;
}
